{
  "name": "saeupcne",
  "lockfileVersion": 3,
  "requires": true,
  "packages": {
    "": {
      "dependencies": {
        "krds-uiux": "^1.0.5"
      }
    },
    "node_modules/krds-uiux": {
      "version": "1.0.5",
      "resolved": "https://registry.npmjs.org/krds-uiux/-/krds-uiux-1.0.5.tgz",
      "integrity": "sha512-9Ofbi5T15ChBq66C8zch7y+6dGEI/zXwTkmci4ssT1yRkyEBaIP5l4UWxHjJd0+jcwcKNaRXOcPU7ouyac8zew==",
      "license": "ISC"
    }
  }
}
